
Microsoft Visual Studio Solution File, Format Version 12.00
# Visual Studio 15
Project("{FAE04EC0-301F-11D3-BF4B-00C04F79EFBC}") = "Spinny Spot", "Assembly-CSharp.csproj", "{227C360A-CF52-4731-22FE-19E5FCE7AAE6}"
EndProject
Project("{FAE04EC0-301F-11D3-BF4B-00C04F79EFBC}") = "Spinny Spot", "Assembly-CSharp-firstpass.csproj", "{30C9D6E9-5128-3976-82D8-85205A147939}"
EndProject
Project("{FAE04EC0-301F-11D3-BF4B-00C04F79EFBC}") = "Spinny Spot", "Assembly-CSharp-Editor-firstpass.csproj", "{7E4F8060-F717-2941-BF4B-DBCBC3751D91}"
EndProject
Project("{FAE04EC0-301F-11D3-BF4B-00C04F79EFBC}") = "Spinny Spot", "Assembly-CSharp-Editor.csproj", "{098AA3EE-C4DB-0CA3-BDF0-434ADB63930F}"
EndProject
Global
	GlobalSection(SolutionConfigurationPlatforms) = preSolution
		Debug|Any CPU = Debug|Any CPU
		Release|Any CPU = Release|Any CPU
	EndGlobalSection
	GlobalSection(ProjectConfigurationPlatforms) = postSolution
		{227C360A-CF52-4731-22FE-19E5FCE7AAE6}.Debug|Any CPU.ActiveCfg = Debug|Any CPU
		{227C360A-CF52-4731-22FE-19E5FCE7AAE6}.Debug|Any CPU.Build.0 = Debug|Any CPU
		{227C360A-CF52-4731-22FE-19E5FCE7AAE6}.Release|Any CPU.ActiveCfg = Release|Any CPU
		{227C360A-CF52-4731-22FE-19E5FCE7AAE6}.Release|Any CPU.Build.0 = Release|Any CPU
		{30C9D6E9-5128-3976-82D8-85205A147939}.Debug|Any CPU.ActiveCfg = Debug|Any CPU
		{30C9D6E9-5128-3976-82D8-85205A147939}.Debug|Any CPU.Build.0 = Debug|Any CPU
		{30C9D6E9-5128-3976-82D8-85205A147939}.Release|Any CPU.ActiveCfg = Release|Any CPU
		{30C9D6E9-5128-3976-82D8-85205A147939}.Release|Any CPU.Build.0 = Release|Any CPU
		{7E4F8060-F717-2941-BF4B-DBCBC3751D91}.Debug|Any CPU.ActiveCfg = Debug|Any CPU
		{7E4F8060-F717-2941-BF4B-DBCBC3751D91}.Debug|Any CPU.Build.0 = Debug|Any CPU
		{7E4F8060-F717-2941-BF4B-DBCBC3751D91}.Release|Any CPU.ActiveCfg = Release|Any CPU
		{7E4F8060-F717-2941-BF4B-DBCBC3751D91}.Release|Any CPU.Build.0 = Release|Any CPU
		{098AA3EE-C4DB-0CA3-BDF0-434ADB63930F}.Debug|Any CPU.ActiveCfg = Debug|Any CPU
		{098AA3EE-C4DB-0CA3-BDF0-434ADB63930F}.Debug|Any CPU.Build.0 = Debug|Any CPU
		{098AA3EE-C4DB-0CA3-BDF0-434ADB63930F}.Release|Any CPU.ActiveCfg = Release|Any CPU
		{098AA3EE-C4DB-0CA3-BDF0-434ADB63930F}.Release|Any CPU.Build.0 = Release|Any CPU
	EndGlobalSection
	GlobalSection(SolutionProperties) = preSolution
		HideSolutionNode = FALSE
	EndGlobalSection
EndGlobal
